
Microsoft Visual Studio Solution File, Format Version 12.00
# Visual Studio Version 17
VisualStudioVersion = 17.14.36717.8 d17.14
MinimumVisualStudioVersion = 10.0.40219.1
Project("{FAE04EC0-301F-11D3-BF4B-00C04F79EFBC}") = "4013Project", "4013Project\4013Project.csproj", "{D622F351-4367-4950-A589-29C80B4136DF}"
EndProject
Global
	GlobalSection(SolutionConfigurationPlatforms) = preSolution
		Debug|Any CPU = Debug|Any CPU
		Release|Any CPU = Release|Any CPU
	EndGlobalSection
	GlobalSection(ProjectConfigurationPlatforms) = postSolution
		{D622F351-4367-4950-A589-29C80B4136DF}.Debug|Any CPU.ActiveCfg = Debug|Any CPU
		{D622F351-4367-4950-A589-29C80B4136DF}.Debug|Any CPU.Build.0 = Debug|Any CPU
		{D622F351-4367-4950-A589-29C80B4136DF}.Release|Any CPU.ActiveCfg = Release|Any CPU
		{D622F351-4367-4950-A589-29C80B4136DF}.Release|Any CPU.Build.0 = Release|Any CPU
	EndGlobalSection
	GlobalSection(SolutionProperties) = preSolution
		HideSolutionNode = FALSE
	EndGlobalSection
	GlobalSection(ExtensibilityGlobals) = postSolution
		SolutionGuid = {9305B824-92FE-4807-A5B3-C695FB0FD9D5}
	EndGlobalSection
EndGlobal
